
Microsoft Visual Studio Solution File, Format Version 12.00
# Visual Studio Version 17
VisualStudioVersion = 17.1.32328.378
MinimumVisualStudioVersion = 10.0.40219.1
Project("{9A19103F-16F7-4668-BE54-9A1E7A4F7556}") = "Send", "Send\Send.csproj", "{B92C5A4C-AFEE-4AF9-A9AF-9B8E997889AA}"
EndProject
Project("{9A19103F-16F7-4668-BE54-9A1E7A4F7556}") = "Receive", "Receive\Receive.csproj", "{441B3C7D-72D4-42ED-AD2D-B2C4454879C7}"
EndProject
Project("{9A19103F-16F7-4668-BE54-9A1E7A4F7556}") = "NewTask", "NewTask\NewTask.csproj", "{651A3A42-3069-40F2-AC8D-0B2EF1FA20FC}"
EndProject
Project("{9A19103F-16F7-4668-BE54-9A1E7A4F7556}") = "Worker", "Worker\Worker.csproj", "{97F4E763-D05A-459A-8EF3-50687C53989A}"
EndProject
Project("{9A19103F-16F7-4668-BE54-9A1E7A4F7556}") = "EmitLog", "EmitLog\EmitLog.csproj", "{C43D9E9D-AF4A-437B-B241-5FEF3C42AA9E}"
EndProject
Project("{9A19103F-16F7-4668-BE54-9A1E7A4F7556}") = "ReceiveLogs", "ReceiveLogs\ReceiveLogs.csproj", "{7D29311E-2B80-41A9-87E6-4EB29287BC62}"
EndProject
Project("{9A19103F-16F7-4668-BE54-9A1E7A4F7556}") = "EmitLogDirect", "EmitLogDirect\EmitLogDirect.csproj", "{D104FEB2-FD04-45CF-AEC2-18649F634D64}"
EndProject
Project("{9A19103F-16F7-4668-BE54-9A1E7A4F7556}") = "ReceiveLogsDirect", "ReceiveLogsDirect\ReceiveLogsDirect.csproj", "{BA63EE74-DFEA-473B-B629-97B55287D4AC}"
EndProject
Project("{9A19103F-16F7-4668-BE54-9A1E7A4F7556}") = "EmitLogTopic", "EmitLogTopic\EmitLogTopic.csproj", "{1E961852-7237-4805-B219-5219275C305D}"
EndProject
Project("{9A19103F-16F7-4668-BE54-9A1E7A4F7556}") = "ReceiveLogsTopic", "ReceiveLogsTopic\ReceiveLogsTopic.csproj", "{9D62F105-EC61-4FB0-BBCC-57333CF40867}"
EndProject
Project("{FAE04EC0-301F-11D3-BF4B-00C04F79EFBC}") = "RPCServer", "RPCServer\RPCServer.csproj", "{C14A06BF-A3E8-40DC-A6B3-0C6A6F50D581}"
EndProject
Project("{FAE04EC0-301F-11D3-BF4B-00C04F79EFBC}") = "RpcClient", "RpcClient\RpcClient.csproj", "{6AE3A753-2A88-4A9C-BD23-A84445761857}"
EndProject
Global
	GlobalSection(SolutionConfigurationPlatforms) = preSolution
		Debug|Any CPU = Debug|Any CPU
		Release|Any CPU = Release|Any CPU
	EndGlobalSection
	GlobalSection(ProjectConfigurationPlatforms) = postSolution
		{B92C5A4C-AFEE-4AF9-A9AF-9B8E997889AA}.Debug|Any CPU.ActiveCfg = Debug|Any CPU
		{B92C5A4C-AFEE-4AF9-A9AF-9B8E997889AA}.Debug|Any CPU.Build.0 = Debug|Any CPU
		{B92C5A4C-AFEE-4AF9-A9AF-9B8E997889AA}.Release|Any CPU.ActiveCfg = Release|Any CPU
		{B92C5A4C-AFEE-4AF9-A9AF-9B8E997889AA}.Release|Any CPU.Build.0 = Release|Any CPU
		{441B3C7D-72D4-42ED-AD2D-B2C4454879C7}.Debug|Any CPU.ActiveCfg = Debug|Any CPU
		{441B3C7D-72D4-42ED-AD2D-B2C4454879C7}.Debug|Any CPU.Build.0 = Debug|Any CPU
		{441B3C7D-72D4-42ED-AD2D-B2C4454879C7}.Release|Any CPU.ActiveCfg = Release|Any CPU
		{441B3C7D-72D4-42ED-AD2D-B2C4454879C7}.Release|Any CPU.Build.0 = Release|Any CPU
		{651A3A42-3069-40F2-AC8D-0B2EF1FA20FC}.Debug|Any CPU.ActiveCfg = Debug|Any CPU
		{651A3A42-3069-40F2-AC8D-0B2EF1FA20FC}.Debug|Any CPU.Build.0 = Debug|Any CPU
		{651A3A42-3069-40F2-AC8D-0B2EF1FA20FC}.Release|Any CPU.ActiveCfg = Release|Any CPU
		{651A3A42-3069-40F2-AC8D-0B2EF1FA20FC}.Release|Any CPU.Build.0 = Release|Any CPU
		{97F4E763-D05A-459A-8EF3-50687C53989A}.Debug|Any CPU.ActiveCfg = Debug|Any CPU
		{97F4E763-D05A-459A-8EF3-50687C53989A}.Debug|Any CPU.Build.0 = Debug|Any CPU
		{97F4E763-D05A-459A-8EF3-50687C53989A}.Release|Any CPU.ActiveCfg = Release|Any CPU
		{97F4E763-D05A-459A-8EF3-50687C53989A}.Release|Any CPU.Build.0 = Release|Any CPU
		{C43D9E9D-AF4A-437B-B241-5FEF3C42AA9E}.Debug|Any CPU.ActiveCfg = Debug|Any CPU
		{C43D9E9D-AF4A-437B-B241-5FEF3C42AA9E}.Debug|Any CPU.Build.0 = Debug|Any CPU
		{C43D9E9D-AF4A-437B-B241-5FEF3C42AA9E}.Release|Any CPU.ActiveCfg = Release|Any CPU
		{C43D9E9D-AF4A-437B-B241-5FEF3C42AA9E}.Release|Any CPU.Build.0 = Release|Any CPU
		{7D29311E-2B80-41A9-87E6-4EB29287BC62}.Debug|Any CPU.ActiveCfg = Debug|Any CPU
		{7D29311E-2B80-41A9-87E6-4EB29287BC62}.Debug|Any CPU.Build.0 = Debug|Any CPU
		{7D29311E-2B80-41A9-87E6-4EB29287BC62}.Release|Any CPU.ActiveCfg = Release|Any CPU
		{7D29311E-2B80-41A9-87E6-4EB29287BC62}.Release|Any CPU.Build.0 = Release|Any CPU
		{D104FEB2-FD04-45CF-AEC2-18649F634D64}.Debug|Any CPU.ActiveCfg = Debug|Any CPU
		{D104FEB2-FD04-45CF-AEC2-18649F634D64}.Debug|Any CPU.Build.0 = Debug|Any CPU
		{D104FEB2-FD04-45CF-AEC2-18649F634D64}.Release|Any CPU.ActiveCfg = Release|Any CPU
		{D104FEB2-FD04-45CF-AEC2-18649F634D64}.Release|Any CPU.Build.0 = Release|Any CPU
		{BA63EE74-DFEA-473B-B629-97B55287D4AC}.Debug|Any CPU.ActiveCfg = Debug|Any CPU
		{BA63EE74-DFEA-473B-B629-97B55287D4AC}.Debug|Any CPU.Build.0 = Debug|Any CPU
		{BA63EE74-DFEA-473B-B629-97B55287D4AC}.Release|Any CPU.ActiveCfg = Release|Any CPU
		{BA63EE74-DFEA-473B-B629-97B55287D4AC}.Release|Any CPU.Build.0 = Release|Any CPU
		{1E961852-7237-4805-B219-5219275C305D}.Debug|Any CPU.ActiveCfg = Debug|Any CPU
		{1E961852-7237-4805-B219-5219275C305D}.Debug|Any CPU.Build.0 = Debug|Any CPU
		{1E961852-7237-4805-B219-5219275C305D}.Release|Any CPU.ActiveCfg = Release|Any CPU
		{1E961852-7237-4805-B219-5219275C305D}.Release|Any CPU.Build.0 = Release|Any CPU
		{9D62F105-EC61-4FB0-BBCC-57333CF40867}.Debug|Any CPU.ActiveCfg = Debug|Any CPU
		{9D62F105-EC61-4FB0-BBCC-57333CF40867}.Debug|Any CPU.Build.0 = Debug|Any CPU
		{9D62F105-EC61-4FB0-BBCC-57333CF40867}.Release|Any CPU.ActiveCfg = Release|Any CPU
		{9D62F105-EC61-4FB0-BBCC-57333CF40867}.Release|Any CPU.Build.0 = Release|Any CPU
		{C14A06BF-A3E8-40DC-A6B3-0C6A6F50D581}.Debug|Any CPU.ActiveCfg = Debug|Any CPU
		{C14A06BF-A3E8-40DC-A6B3-0C6A6F50D581}.Debug|Any CPU.Build.0 = Debug|Any CPU
		{C14A06BF-A3E8-40DC-A6B3-0C6A6F50D581}.Release|Any CPU.ActiveCfg = Release|Any CPU
		{C14A06BF-A3E8-40DC-A6B3-0C6A6F50D581}.Release|Any CPU.Build.0 = Release|Any CPU
		{6AE3A753-2A88-4A9C-BD23-A84445761857}.Debug|Any CPU.ActiveCfg = Debug|Any CPU
		{6AE3A753-2A88-4A9C-BD23-A84445761857}.Debug|Any CPU.Build.0 = Debug|Any CPU
		{6AE3A753-2A88-4A9C-BD23-A84445761857}.Release|Any CPU.ActiveCfg = Release|Any CPU
		{6AE3A753-2A88-4A9C-BD23-A84445761857}.Release|Any CPU.Build.0 = Release|Any CPU
	EndGlobalSection
	GlobalSection(SolutionProperties) = preSolution
		HideSolutionNode = FALSE
	EndGlobalSection
	GlobalSection(ExtensibilityGlobals) = postSolution
		SolutionGuid = {347D1E7B-2B88-43EC-BF4C-C91D99F5C4DC}
	EndGlobalSection
EndGlobal
